
Microsoft Visual Studio Solution File, Format Version 12.00
# Visual Studio Version 16
VisualStudioVersion = 16.0.31005.135
MinimumVisualStudioVersion = 10.0.40219.1
Project("{FAE04EC0-301F-11D3-BF4B-00C04F79EFBC}") = "RegistryWrapperCore", "RegistryWrapperCore\RegistryWrapperCore.csproj", "{D659A837-70D1-4267-80F3-220ECF06FCE7}"
EndProject
Project("{FAE04EC0-301F-11D3-BF4B-00C04F79EFBC}") = "RegistryWrapperCore.Tests", "RegistryWrapperCore.Tests\RegistryWrapperCore.Tests.csproj", "{1DAAF6CF-7661-4454-BB76-E36E3CD49CC8}"
EndProject
Global
	GlobalSection(SolutionConfigurationPlatforms) = preSolution
		Debug|Any CPU = Debug|Any CPU
		Release|Any CPU = Release|Any CPU
	EndGlobalSection
	GlobalSection(ProjectConfigurationPlatforms) = postSolution
		{D659A837-70D1-4267-80F3-220ECF06FCE7}.Debug|Any CPU.ActiveCfg = Debug|Any CPU
		{D659A837-70D1-4267-80F3-220ECF06FCE7}.Debug|Any CPU.Build.0 = Debug|Any CPU
		{D659A837-70D1-4267-80F3-220ECF06FCE7}.Release|Any CPU.ActiveCfg = Release|Any CPU
		{D659A837-70D1-4267-80F3-220ECF06FCE7}.Release|Any CPU.Build.0 = Release|Any CPU
		{1DAAF6CF-7661-4454-BB76-E36E3CD49CC8}.Debug|Any CPU.ActiveCfg = Debug|Any CPU
		{1DAAF6CF-7661-4454-BB76-E36E3CD49CC8}.Debug|Any CPU.Build.0 = Debug|Any CPU
		{1DAAF6CF-7661-4454-BB76-E36E3CD49CC8}.Release|Any CPU.ActiveCfg = Release|Any CPU
		{1DAAF6CF-7661-4454-BB76-E36E3CD49CC8}.Release|Any CPU.Build.0 = Release|Any CPU
	EndGlobalSection
	GlobalSection(SolutionProperties) = preSolution
		HideSolutionNode = FALSE
	EndGlobalSection
	GlobalSection(ExtensibilityGlobals) = postSolution
		SolutionGuid = {01889FAD-9104-4BEF-B228-281AA2CC1D4D}
	EndGlobalSection
EndGlobal
